# THIS IS AN AUTOGENERATED FILE. DO NOT EDIT THIS FILE DIRECTLY.
# yarn lockfile v1


data.task@^3.1.2:
  version "3.1.2"
  resolved "https://registry.yarnpkg.com/data.task/-/data.task-3.1.2.tgz#f61511339ad5c5ac6f417cc2666b95153dc7448d"
  integrity sha512-gGDjno8m/FS1kdMU3EmKcLaO1enFyfCV/EscvDZ4+KZDSg9xHePa2VFfWd+QO5PUp18NdCIziOpaSUE4Efw8/w==

immutable-ext@^1.1.5:
  version "1.1.5"
  resolved "https://registry.yarnpkg.com/immutable-ext/-/immutable-ext-1.1.5.tgz#3cdf27a067527c85817bf161a0dad1361ed579cb"
  integrity sha1-PN8noGdSfIWBe/FhoNrRNh7Vecs=

immutable@^4.0.0-rc.12:
  version "4.0.0-rc.12"
  resolved "https://registry.yarnpkg.com/immutable/-/immutable-4.0.0-rc.12.tgz#ca59a7e4c19ae8d9bf74a97bdf0f6e2f2a5d0217"
  integrity sha512-0M2XxkZLx/mi3t8NVwIm1g8nHoEmM9p9UBl/G9k4+hm0kBgOVdMV/B3CY5dQ8qG8qc80NN4gDV4HQv6FTJ5q7A==
